
Microsoft Visual Studio Solution File, Format Version 12.00
Project("{2150E333-8FDC-42A3-9474-1A3956D46DE8}") = "Solution Items", "Solution Items", "{BC7BEC12-81AD-4CCD-8AE4-642A90555AF6}"
ProjectSection(SolutionItems) = preProject
	.gitattributes = .gitattributes
	.gitignore = .gitignore
	..\docker-compose.yml = ..\docker-compose.yml
	Dockerfile = Dockerfile
EndProjectSection
EndProject
Project("{FAE04EC0-301F-11D3-BF4B-00C04F79EFBC}") = "OSItemIndex.API", "src\OSItemIndex.API\OSItemIndex.API.csproj", "{37059DD7-E108-44FC-9EFC-41BFC92F338B}"
EndProject
Project("{FAE04EC0-301F-11D3-BF4B-00C04F79EFBC}") = "OsItemIndex.Data", "src\OSItemIndex.Data\OsItemIndex.Data.csproj", "{492D7932-3025-4310-85E1-B55BC63138FA}"
EndProject
Global
	GlobalSection(SolutionConfigurationPlatforms) = preSolution
		Debug|Any CPU = Debug|Any CPU
		Release|Any CPU = Release|Any CPU
	EndGlobalSection
	GlobalSection(ProjectConfigurationPlatforms) = postSolution
		{37059DD7-E108-44FC-9EFC-41BFC92F338B}.Debug|Any CPU.ActiveCfg = Debug|Any CPU
		{37059DD7-E108-44FC-9EFC-41BFC92F338B}.Debug|Any CPU.Build.0 = Debug|Any CPU
		{37059DD7-E108-44FC-9EFC-41BFC92F338B}.Release|Any CPU.ActiveCfg = Release|Any CPU
		{37059DD7-E108-44FC-9EFC-41BFC92F338B}.Release|Any CPU.Build.0 = Release|Any CPU
		{492D7932-3025-4310-85E1-B55BC63138FA}.Debug|Any CPU.ActiveCfg = Debug|Any CPU
		{492D7932-3025-4310-85E1-B55BC63138FA}.Debug|Any CPU.Build.0 = Debug|Any CPU
		{492D7932-3025-4310-85E1-B55BC63138FA}.Release|Any CPU.ActiveCfg = Release|Any CPU
		{492D7932-3025-4310-85E1-B55BC63138FA}.Release|Any CPU.Build.0 = Release|Any CPU
	EndGlobalSection
EndGlobal
